
Microsoft Visual Studio Solution File, Format Version 12.00
# Visual Studio Version 17
VisualStudioVersion = 17.0.32014.148
MinimumVisualStudioVersion = 10.0.40219.1
Project("{9A19103F-16F7-4668-BE54-9A1E7A4F7556}") = "OnlineShoping.API", "OnlineShoping.API\OnlineShoping.API.csproj", "{5A7CBC41-7F9E-45EF-A338-E13CC78C836C}"
EndProject
Project("{9A19103F-16F7-4668-BE54-9A1E7A4F7556}") = "OnlineShoping.Data", "OnlineShoping.Data\OnlineShoping.Data.csproj", "{4D31476E-D948-4FE2-81DA-5DAA37492A2C}"
EndProject
Global
	GlobalSection(SolutionConfigurationPlatforms) = preSolution
		Debug|Any CPU = Debug|Any CPU
		Release|Any CPU = Release|Any CPU
	EndGlobalSection
	GlobalSection(ProjectConfigurationPlatforms) = postSolution
		{5A7CBC41-7F9E-45EF-A338-E13CC78C836C}.Debug|Any CPU.ActiveCfg = Debug|Any CPU
		{5A7CBC41-7F9E-45EF-A338-E13CC78C836C}.Debug|Any CPU.Build.0 = Debug|Any CPU
		{5A7CBC41-7F9E-45EF-A338-E13CC78C836C}.Release|Any CPU.ActiveCfg = Release|Any CPU
		{5A7CBC41-7F9E-45EF-A338-E13CC78C836C}.Release|Any CPU.Build.0 = Release|Any CPU
		{4D31476E-D948-4FE2-81DA-5DAA37492A2C}.Debug|Any CPU.ActiveCfg = Debug|Any CPU
		{4D31476E-D948-4FE2-81DA-5DAA37492A2C}.Debug|Any CPU.Build.0 = Debug|Any CPU
		{4D31476E-D948-4FE2-81DA-5DAA37492A2C}.Release|Any CPU.ActiveCfg = Release|Any CPU
		{4D31476E-D948-4FE2-81DA-5DAA37492A2C}.Release|Any CPU.Build.0 = Release|Any CPU
	EndGlobalSection
	GlobalSection(SolutionProperties) = preSolution
		HideSolutionNode = FALSE
	EndGlobalSection
	GlobalSection(ExtensibilityGlobals) = postSolution
		SolutionGuid = {6C1B3315-4B90-4834-9918-7F582286F038}
	EndGlobalSection
EndGlobal
